
Microsoft Visual Studio Solution File, Format Version 12.00
# Visual Studio Version 17
VisualStudioVersion = 17.4.33122.133
MinimumVisualStudioVersion = 10.0.40219.1
Project("{FAE04EC0-301F-11D3-BF4B-00C04F79EFBC}") = "CoinCapDemo", "CoinCapDemo\CoinCapDemo.csproj", "{EA4A960E-87E9-476C-93CC-50B4A1CA53B3}"
EndProject
Global
	GlobalSection(SolutionConfigurationPlatforms) = preSolution
		Debug|Any CPU = Debug|Any CPU
		Release|Any CPU = Release|Any CPU
	EndGlobalSection
	GlobalSection(ProjectConfigurationPlatforms) = postSolution
		{EA4A960E-87E9-476C-93CC-50B4A1CA53B3}.Debug|Any CPU.ActiveCfg = Debug|Any CPU
		{EA4A960E-87E9-476C-93CC-50B4A1CA53B3}.Debug|Any CPU.Build.0 = Debug|Any CPU
		{EA4A960E-87E9-476C-93CC-50B4A1CA53B3}.Release|Any CPU.ActiveCfg = Release|Any CPU
		{EA4A960E-87E9-476C-93CC-50B4A1CA53B3}.Release|Any CPU.Build.0 = Release|Any CPU
	EndGlobalSection
	GlobalSection(SolutionProperties) = preSolution
		HideSolutionNode = FALSE
	EndGlobalSection
	GlobalSection(ExtensibilityGlobals) = postSolution
		SolutionGuid = {488798BA-22C1-4270-BB8B-9AFA837F0C1D}
	EndGlobalSection
EndGlobal
